
Microsoft Visual Studio Solution File, Format Version 12.00
# Visual Studio 15
VisualStudioVersion = 15.0.27130.2036
MinimumVisualStudioVersion = 10.0.40219.1
Project("{2150E333-8FDC-42A3-9474-1A3956D46DE8}") = "src", "src", "{BBDA9895-DA0E-4B7F-B9A0-424E452422CC}"
EndProject
Project("{2150E333-8FDC-42A3-9474-1A3956D46DE8}") = ".global", ".global", "{06637624-959E-4188-88EA-40CAEE8051B8}"
	ProjectSection(SolutionItems) = preProject
		ReadMe.md = ReadMe.md
	EndProjectSection
EndProject
Project("{2150E333-8FDC-42A3-9474-1A3956D46DE8}") = "test", "test", "{460E75D3-5A83-4393-A04D-F9DC97532B1F}"
EndProject
Project("{FAE04EC0-301F-11D3-BF4B-00C04F79EFBC}") = "Sino.Extensions.MongoDB", "src\Sino.Extensions.MongoDB\Sino.Extensions.MongoDB.csproj", "{CF08CF20-3E28-4312-AC18-1EBC59883631}"
EndProject
Project("{FAE04EC0-301F-11D3-BF4B-00C04F79EFBC}") = "TestApp", "test\TestApp\TestApp.csproj", "{39189292-AC4A-4DCB-8F4C-B8F115B26598}"
EndProject
Global
	GlobalSection(SolutionConfigurationPlatforms) = preSolution
		Debug|Any CPU = Debug|Any CPU
		Release|Any CPU = Release|Any CPU
	EndGlobalSection
	GlobalSection(ProjectConfigurationPlatforms) = postSolution
		{CF08CF20-3E28-4312-AC18-1EBC59883631}.Debug|Any CPU.ActiveCfg = Debug|Any CPU
		{CF08CF20-3E28-4312-AC18-1EBC59883631}.Debug|Any CPU.Build.0 = Debug|Any CPU
		{CF08CF20-3E28-4312-AC18-1EBC59883631}.Release|Any CPU.ActiveCfg = Release|Any CPU
		{CF08CF20-3E28-4312-AC18-1EBC59883631}.Release|Any CPU.Build.0 = Release|Any CPU
		{39189292-AC4A-4DCB-8F4C-B8F115B26598}.Debug|Any CPU.ActiveCfg = Debug|Any CPU
		{39189292-AC4A-4DCB-8F4C-B8F115B26598}.Debug|Any CPU.Build.0 = Debug|Any CPU
		{39189292-AC4A-4DCB-8F4C-B8F115B26598}.Release|Any CPU.ActiveCfg = Release|Any CPU
		{39189292-AC4A-4DCB-8F4C-B8F115B26598}.Release|Any CPU.Build.0 = Release|Any CPU
	EndGlobalSection
	GlobalSection(SolutionProperties) = preSolution
		HideSolutionNode = FALSE
	EndGlobalSection
	GlobalSection(NestedProjects) = preSolution
		{CF08CF20-3E28-4312-AC18-1EBC59883631} = {BBDA9895-DA0E-4B7F-B9A0-424E452422CC}
		{39189292-AC4A-4DCB-8F4C-B8F115B26598} = {460E75D3-5A83-4393-A04D-F9DC97532B1F}
	EndGlobalSection
	GlobalSection(ExtensibilityGlobals) = postSolution
		SolutionGuid = {CA1F9A2A-2926-4F26-BD01-CAEAE8230DBC}
	EndGlobalSection
EndGlobal
